
Microsoft Visual Studio Solution File, Format Version 12.00
# Visual Studio Version 16
VisualStudioVersion = 16.0.29418.71
MinimumVisualStudioVersion = 10.0.40219.1
Project("{FAE04EC0-301F-11D3-BF4B-00C04F79EFBC}") = "SwaggerDemo", "SwaggerDemo\SwaggerDemo.csproj", "{C3766AB7-60A5-4684-93AF-641568CBE60F}"
EndProject
Global
	GlobalSection(SolutionConfigurationPlatforms) = preSolution
		Debug|Any CPU = Debug|Any CPU
		Release|Any CPU = Release|Any CPU
	EndGlobalSection
	GlobalSection(ProjectConfigurationPlatforms) = postSolution
		{C3766AB7-60A5-4684-93AF-641568CBE60F}.Debug|Any CPU.ActiveCfg = Debug|Any CPU
		{C3766AB7-60A5-4684-93AF-641568CBE60F}.Debug|Any CPU.Build.0 = Debug|Any CPU
		{C3766AB7-60A5-4684-93AF-641568CBE60F}.Release|Any CPU.ActiveCfg = Release|Any CPU
		{C3766AB7-60A5-4684-93AF-641568CBE60F}.Release|Any CPU.Build.0 = Release|Any CPU
	EndGlobalSection
	GlobalSection(SolutionProperties) = preSolution
		HideSolutionNode = FALSE
	EndGlobalSection
	GlobalSection(ExtensibilityGlobals) = postSolution
		SolutionGuid = {8C9CF471-CD68-430B-99BD-0F8E270659A9}
	EndGlobalSection
EndGlobal
